# THIS IS AN AUTOGENERATED FILE. DO NOT EDIT THIS FILE DIRECTLY.
# yarn lockfile v1


"@kwsites/exec-p@^0.4.0":
  version "0.4.0"
  resolved "https://registry.yarnpkg.com/@kwsites/exec-p/-/exec-p-0.4.0.tgz#ab3765d482849ba6e825721077c248cf9f3323b7"
  integrity sha512-44DWNv5gDR9EwrCTVQ4ZC99yPqVS0VCWrYIBl45qNR8XQy+4lbl0IQG8kBDf6NHwj4Ib4c2z1Fq1IUJOCbkZcw==

debug@^4.0.1:
  version "4.1.1"
  resolved "https://registry.yarnpkg.com/debug/-/debug-4.1.1.tgz#3b72260255109c6b589cee050f1d516139664791"
  integrity sha512-pYAIzeRo8J6KPEaJ0VWOh5Pzkbw/RetuzehGM7QRRX5he4fPHx2rdKMB256ehJCkX+XRQm16eZLqLNS8RSZXZw==
  dependencies:
    ms "^2.1.1"

exec-sh@^0.3.4:
  version "0.3.4"
  resolved "https://registry.yarnpkg.com/exec-sh/-/exec-sh-0.3.4.tgz#3a018ceb526cc6f6df2bb504b2bfe8e3a4934ec5"
  integrity sha512-sEFIkc61v75sWeOe72qyrqg2Qg0OuLESziUDk/O/z2qgS15y2gWVFrI6f2Qn/qw/0/NCfCEsmNA4zOjkwEZT1A==

moment@^2.26.0:
  version "2.26.0"
  resolved "https://registry.yarnpkg.com/moment/-/moment-2.26.0.tgz#5e1f82c6bafca6e83e808b30c8705eed0dcbd39a"
  integrity sha512-oIixUO+OamkUkwjhAVE18rAMfRJNsNe/Stid/gwHSOfHrOtw9EhAY2AHvdKZ/k/MggcYELFCJz/Sn2pL8b8JMw==

ms@^2.1.1:
  version "2.1.2"
  resolved "https://registry.yarnpkg.com/ms/-/ms-2.1.2.tgz#d09d1f357b443f493382a8eb3ccd183872ae6009"
  integrity sha512-sGkPx+VjMtmA6MX27oA4FBFELFCZZ4S4XqeGOXCv68tT+jb3vk/RyaKWP0PTKyWtmLSM0b+adUTEvbs1PEaH2w==

simple-git@^2.5.0:
  version "2.5.0"
  resolved "https://registry.yarnpkg.com/simple-git/-/simple-git-2.5.0.tgz#538b14b25f83916a56f30eca53f13796db6712f6"
  integrity sha512-4gmtMqfIL9bsBNJDP/rDwZe3GsQL/tp85Qv5cmRc8iIDNOZJS4IX1oPfcqp9b7BGPc5bfuw4yd1i3lQacvuqDQ==
  dependencies:
    "@kwsites/exec-p" "^0.4.0"
    debug "^4.0.1"
